
Microsoft Visual Studio Solution File, Format Version 12.00
# Visual Studio Version 17
VisualStudioVersion = 17.13.35919.96 d17.13
MinimumVisualStudioVersion = 10.0.40219.1
Project("{FAE04EC0-301F-11D3-BF4B-00C04F79EFBC}") = "DrustveneMreze", "DrustveneMreze\DrustveneMreze.csproj", "{FA75F473-9EF4-4F4D-8552-0E1D399F0D65}"
EndProject
Global
	GlobalSection(SolutionConfigurationPlatforms) = preSolution
		Debug|Any CPU = Debug|Any CPU
		Release|Any CPU = Release|Any CPU
	EndGlobalSection
	GlobalSection(ProjectConfigurationPlatforms) = postSolution
		{FA75F473-9EF4-4F4D-8552-0E1D399F0D65}.Debug|Any CPU.ActiveCfg = Debug|Any CPU
		{FA75F473-9EF4-4F4D-8552-0E1D399F0D65}.Debug|Any CPU.Build.0 = Debug|Any CPU
		{FA75F473-9EF4-4F4D-8552-0E1D399F0D65}.Release|Any CPU.ActiveCfg = Release|Any CPU
		{FA75F473-9EF4-4F4D-8552-0E1D399F0D65}.Release|Any CPU.Build.0 = Release|Any CPU
	EndGlobalSection
	GlobalSection(SolutionProperties) = preSolution
		HideSolutionNode = FALSE
	EndGlobalSection
	GlobalSection(ExtensibilityGlobals) = postSolution
		SolutionGuid = {6313931F-E2FD-4238-83B1-6CBBAAC4227F}
	EndGlobalSection
EndGlobal
